
Microsoft Visual Studio Solution File, Format Version 12.00
# Visual Studio Version 17
VisualStudioVersion = 17.11.35327.3
MinimumVisualStudioVersion = 10.0.40219.1
Project("{8BC9CEB8-8B4A-11D0-8D11-00A0C91BC942}") = "OoTMMCombo-Tracker", "OoTMMCombo-Tracker.vcxproj", "{C4FC9321-C5E4-4D35-AD5F-1221962273C6}"
EndProject
Global
	GlobalSection(SolutionConfigurationPlatforms) = preSolution
		Debug|x64 = Debug|x64
		Release|x64 = Release|x64
	EndGlobalSection
	GlobalSection(ProjectConfigurationPlatforms) = postSolution
		{C4FC9321-C5E4-4D35-AD5F-1221962273C6}.Debug|x64.ActiveCfg = Debug|x64
		{C4FC9321-C5E4-4D35-AD5F-1221962273C6}.Debug|x64.Build.0 = Debug|x64
		{C4FC9321-C5E4-4D35-AD5F-1221962273C6}.Release|x64.ActiveCfg = Release|x64
		{C4FC9321-C5E4-4D35-AD5F-1221962273C6}.Release|x64.Build.0 = Release|x64
	EndGlobalSection
	GlobalSection(SolutionProperties) = preSolution
		HideSolutionNode = FALSE
	EndGlobalSection
	GlobalSection(ExtensibilityGlobals) = postSolution
		SolutionGuid = {C693F8BE-8B51-4722-BB0E-0A7886F54A03}
	EndGlobalSection
EndGlobal
